{
  "nodes": {
    "nixpkgs": {
      "locked": {
        "lastModified": 1786089803,
        "narHash": "sha256-ZuvZfVW2tB5tXYEcpcfhVXB3N4OhdZLOqOviy4OD4b4=",
        "owner": "NixOS",
        "repo": "nixpkgs",
        "rev": "ee48b147c18c7de1e6ec97dc74792be42724bed1",
        "type": "github"
      },
      "original": {
        "owner": "NixOS",
        "ref": "nixos-26.05",
        "repo": "nixpkgs",
        "type": "github"
      }
    },
    "nixpkgs_2": {
      "locked": {
        "lastModified": 1786089803,
        "narHash": "sha256-ZuvZfVW2tB5tXYEcpcfhVXB3N4OhdZLOqOviy4OD4b4=",
        "owner": "NixOS",
        "repo": "nixpkgs",
        "rev": "ee48b147c18c7de1e6ec97dc74792be42724bed1",
        "type": "github"
      },
      "original": {
        "owner": "NixOS",
        "ref": "nixos-26.05",
        "repo": "nixpkgs",
        "type": "github"
      }
    },
    "root": {
      "inputs": {
        "nixpkgs": "nixpkgs",
        "vexyon": "vexyon"
      }
    },
    "vexyon": {
      "inputs": {
        "nixpkgs": "nixpkgs_2"
      },
      "locked": {
        "lastModified": 1786036529,
        "narHash": "sha256-PoKMpluD26TbpPwovupUOGQtuRoLlubcqo2tF2oGa4Y=",
        "owner": "vexyon",
        "repo": "vexyon_shell_nixos",
        "rev": "247f55dc21bcb789add88784f13bfa283c83e107",
        "type": "github"
      },
      "original": {
        "owner": "vexyon",
        "repo": "vexyon_shell_nixos",
        "type": "github"
      }
    }
  },
  "root": "root",
  "version": 7
}
