{
  "nodes": {
    "nixpkgs": {
      "locked": {
        "lastModified": 1787101114,
        "narHash": "sha256-gwrPcFf/rDjHPaVflbDZ040ZDmBTRj/7+s8ZmE2SaIM=",
        "owner": "NixOS",
        "repo": "nixpkgs",
        "rev": "b18a4b905f8d028dc4476412e6d6891728695379",
        "type": "github"
      },
      "original": {
        "owner": "NixOS",
        "ref": "nixos-26.05",
        "repo": "nixpkgs",
        "type": "github"
      }
    },
    "nixpkgs_2": {
      "locked": {
        "lastModified": 1787101114,
        "narHash": "sha256-gwrPcFf/rDjHPaVflbDZ040ZDmBTRj/7+s8ZmE2SaIM=",
        "owner": "NixOS",
        "repo": "nixpkgs",
        "rev": "b18a4b905f8d028dc4476412e6d6891728695379",
        "type": "github"
      },
      "original": {
        "owner": "NixOS",
        "ref": "nixos-26.05",
        "repo": "nixpkgs",
        "type": "github"
      }
    },
    "root": {
      "inputs": {
        "nixpkgs": "nixpkgs",
        "vexyon": "vexyon"
      }
    },
    "vexyon": {
      "inputs": {
        "nixpkgs": "nixpkgs_2"
      },
      "locked": {
        "lastModified": 1787263786,
        "narHash": "sha256-sujIjhu60LcpIThwOc9YXH4jrWvbKmvQH58sIR8WiLk=",
        "owner": "vexyon",
        "repo": "vexyon_shell_nixos",
        "rev": "7d9f485d856cfc75c7f23f27ebcc80663f207bd3",
        "type": "github"
      },
      "original": {
        "owner": "vexyon",
        "repo": "vexyon_shell_nixos",
        "type": "github"
      }
    }
  },
  "root": "root",
  "version": 7
}
