{
  "nodes": {
    "nixpkgs": {
      "locked": {
        "lastModified": 1786089803,
        "narHash": "sha256-ZuvZfVW2tB5tXYEcpcfhVXB3N4OhdZLOqOviy4OD4b4=",
        "owner": "NixOS",
        "repo": "nixpkgs",
        "rev": "ee48b147c18c7de1e6ec97dc74792be42724bed1",
        "type": "github"
      },
      "original": {
        "owner": "NixOS",
        "ref": "nixos-26.05",
        "repo": "nixpkgs",
        "type": "github"
      }
    },
    "nixpkgs_2": {
      "locked": {
        "lastModified": 1786430034,
        "narHash": "sha256-Vux08kA5PICwS2sViCMfwVLAHNoH8TkKAeBo25LjpMI=",
        "owner": "NixOS",
        "repo": "nixpkgs",
        "rev": "70cc4559b10a6062b05ff1af17e0add065ccaed9",
        "type": "github"
      },
      "original": {
        "owner": "NixOS",
        "ref": "nixos-26.05",
        "repo": "nixpkgs",
        "type": "github"
      }
    },
    "root": {
      "inputs": {
        "nixpkgs": "nixpkgs",
        "vexyon": "vexyon"
      }
    },
    "vexyon": {
      "inputs": {
        "nixpkgs": "nixpkgs_2"
      },
      "locked": {
        "lastModified": 1786537517,
        "narHash": "sha256-PC7U4gpx9eUqeaWnQpY8juS/MIEAMv8obb3pZKIxJbM=",
        "owner": "vexyon",
        "repo": "vexyon_shell_nixos",
        "rev": "8592cd2ae0d8492ca753fa84099c40e53e0786e9",
        "type": "github"
      },
      "original": {
        "owner": "vexyon",
        "repo": "vexyon_shell_nixos",
        "type": "github"
      }
    }
  },
  "root": "root",
  "version": 7
}
